# This file was autogenerated by uv via the following command:
#    uv pip compile /home/yoann/Documents/Gserv/requirements/requirements_dev.in -o /home/yoann/Documents/Gserv/requirements/dev.lock
amqp==5.3.1
    # via kombu
anyio==4.11.0
    # via watchfiles
asgiref==3.11.0
    # via
    #   channels
    #   channels-redis
    #   daphne
    #   django
    #   django-cors-headers
asttokens==3.0.1
    # via stack-data
attrs==25.4.0
    # via
    #   service-identity
    #   twisted
autobahn==25.11.1
    # via daphne
automat==25.4.16
    # via twisted
billiard==4.2.3
    # via celery
cbor2==5.7.1
    # via autobahn
celery==5.6.0
    # via -r requirements/requirements_prod.in
certifi==2025.11.12
    # via requests
cffi==2.0.0
    # via cryptography
channels==4.3.2
    # via
    #   -r requirements/requirements_prod.in
    #   channels-redis
channels-redis==4.3.0
    # via -r requirements/requirements_prod.in
charset-normalizer==3.4.4
    # via requests
click==8.3.1
    # via
    #   celery
    #   click-didyoumean
    #   click-plugins
    #   click-repl
    #   uvicorn
click-didyoumean==0.3.1
    # via celery
click-plugins==1.1.1.2
    # via celery
click-repl==0.3.0
    # via celery
constantly==23.10.4
    # via twisted
coverage==7.13.0
    # via
    #   -r requirements/requirements_dev.in
    #   pytest-cov
cryptography==46.0.3
    # via
    #   autobahn
    #   pyopenssl
    #   service-identity
daphne==4.2.1
    # via -r requirements/requirements_prod.in
decorator==5.2.1
    # via ipython
dj-database-url==3.0.1
    # via django-configurations
dj-email-url==1.0.6
    # via django-configurations
dj-search-url==0.1
    # via django-configurations
django==6.0
    # via
    #   -r requirements/requirements_prod.in
    #   channels
    #   dj-database-url
    #   django-configurations
    #   django-cors-headers
    #   django-filter
    #   django-request-id
    #   djangorestframework
    #   djangorestframework-simplejwt
    #   drf-yasg
django-admin-interface==0.32.0
    # via -r requirements/requirements_prod.in
django-cache-url==3.4.5
    # via django-configurations
django-colorfield==0.14.0
    # via django-admin-interface
django-configurations==2.5.1
    # via -r requirements/requirements_prod.in
django-cors-headers==4.9.0
    # via -r requirements/requirements_prod.in
django-filter==25.2
    # via -r requirements/requirements_prod.in
django-request-id==1.0.0
    # via -r requirements/requirements_prod.in
djangorestframework==3.16.1
    # via
    #   -r requirements/requirements_prod.in
    #   djangorestframework-simplejwt
    #   drf-yasg
djangorestframework-simplejwt==5.5.1
    # via -r requirements/requirements_prod.in
docker==7.1.0
    # via -r requirements/requirements_prod.in
drf-yasg==1.21.11
    # via -r requirements/requirements_prod.in
exceptiongroup==1.3.1
    # via celery
executing==2.2.1
    # via stack-data
factory-boy==3.3.3
    # via -r requirements/requirements_dev.in
faker==39.0.0
    # via
    #   -r requirements/requirements_dev.in
    #   factory-boy
freezegun==1.5.5
    # via -r requirements/requirements_dev.in
h11==0.16.0
    # via uvicorn
httptools==0.7.1
    # via uvicorn
hyperlink==21.0.0
    # via
    #   autobahn
    #   twisted
idna==3.11
    # via
    #   anyio
    #   hyperlink
    #   requests
    #   twisted
incremental==24.11.0
    # via twisted
inflection==0.5.1
    # via drf-yasg
iniconfig==2.3.0
    # via pytest
ipython==9.8.0
    # via -r requirements/requirements_prod.in
ipython-pygments-lexers==1.1.1
    # via ipython
jedi==0.19.2
    # via ipython
kombu==5.6.1
    # via celery
matplotlib-inline==0.2.1
    # via ipython
mock==5.2.0
    # via -r requirements/requirements_dev.in
msgpack==1.1.2
    # via
    #   autobahn
    #   channels-redis
packaging==25.0
    # via
    #   drf-yasg
    #   incremental
    #   kombu
    #   pytest
parso==0.8.5
    # via jedi
pexpect==4.9.0
    # via ipython
pillow==12.0.0
    # via
    #   -r requirements/requirements_prod.in
    #   django-colorfield
pluggy==1.6.0
    # via
    #   pytest
    #   pytest-cov
prompt-toolkit==3.0.52
    # via
    #   click-repl
    #   ipython
ptyprocess==0.7.0
    # via pexpect
pure-eval==0.2.3
    # via stack-data
py-ubjson==0.16.1
    # via autobahn
pyasn1==0.6.1
    # via
    #   pyasn1-modules
    #   service-identity
pyasn1-modules==0.4.2
    # via service-identity
pycparser==2.23
    # via cffi
pygments==2.19.2
    # via
    #   ipython
    #   ipython-pygments-lexers
    #   pytest
pyjwt==2.10.1
    # via djangorestframework-simplejwt
pyopenssl==25.3.0
    # via twisted
pytest==9.0.2
    # via
    #   -r requirements/requirements_dev.in
    #   pytest-cov
    #   pytest-django
    #   pytest-mock
pytest-cov==7.0.0
    # via -r requirements/requirements_dev.in
pytest-django==4.11.1
    # via -r requirements/requirements_dev.in
pytest-mock==3.15.1
    # via -r requirements/requirements_dev.in
python-dateutil==2.9.0.post0
    # via
    #   celery
    #   freezegun
python-dotenv==1.2.1
    # via
    #   -r requirements/requirements_prod.in
    #   uvicorn
python-json-logger==4.0.0
    # via -r requirements/requirements_prod.in
python-slugify==8.0.4
    # via django-admin-interface
pytz==2025.2
    # via drf-yasg
pyyaml==6.0.3
    # via
    #   drf-yasg
    #   uvicorn
redis==7.1.0
    # via
    #   -r requirements/requirements_prod.in
    #   channels-redis
requests==2.32.5
    # via docker
ruff==0.14.10
    # via -r requirements/requirements_dev.in
service-identity==24.2.0
    # via twisted
six==1.17.0
    # via python-dateutil
sniffio==1.3.1
    # via anyio
sqlparse==0.5.3
    # via django
stack-data==0.6.3
    # via ipython
text-unidecode==1.3
    # via python-slugify
traitlets==5.14.3
    # via
    #   ipython
    #   matplotlib-inline
twisted==25.5.0
    # via daphne
txaio==25.9.2
    # via autobahn
typing-extensions==4.15.0
    # via
    #   anyio
    #   exceptiongroup
    #   pyopenssl
    #   twisted
tzdata==2025.2
    # via
    #   faker
    #   kombu
tzlocal==5.3.1
    # via celery
ujson==5.11.0
    # via autobahn
uritemplate==4.2.0
    # via drf-yasg
urllib3==2.5.0
    # via
    #   docker
    #   requests
uvicorn==0.40.0
    # via -r requirements/requirements_prod.in
uvloop==0.22.1
    # via uvicorn
vine==5.1.0
    # via
    #   amqp
    #   celery
    #   kombu
watchfiles==1.1.1
    # via uvicorn
wcwidth==0.2.14
    # via prompt-toolkit
websockets==15.0.1
    # via uvicorn
zope-interface==8.1.1
    # via twisted
